
Microsoft Visual Studio Solution File, Format Version 12.00
# Visual Studio 15
VisualStudioVersion = 15.0.28010.2036
MinimumVisualStudioVersion = 10.0.40219.1
Project("{FAE04EC0-301F-11D3-BF4B-00C04F79EFBC}") = "WindowsFormsApp1", "WindowsFormsApp1\WindowsFormsApp1.csproj", "{879D11B4-B31C-44F3-BE6E-DD20778D6D54}"
EndProject
Global
	GlobalSection(SolutionConfigurationPlatforms) = preSolution
		Debug|Any CPU = Debug|Any CPU
		Release|Any CPU = Release|Any CPU
	EndGlobalSection
	GlobalSection(ProjectConfigurationPlatforms) = postSolution
		{879D11B4-B31C-44F3-BE6E-DD20778D6D54}.Debug|Any CPU.ActiveCfg = Debug|Any CPU
		{879D11B4-B31C-44F3-BE6E-DD20778D6D54}.Debug|Any CPU.Build.0 = Debug|Any CPU
		{879D11B4-B31C-44F3-BE6E-DD20778D6D54}.Release|Any CPU.ActiveCfg = Release|Any CPU
		{879D11B4-B31C-44F3-BE6E-DD20778D6D54}.Release|Any CPU.Build.0 = Release|Any CPU
	EndGlobalSection
	GlobalSection(SolutionProperties) = preSolution
		HideSolutionNode = FALSE
	EndGlobalSection
	GlobalSection(ExtensibilityGlobals) = postSolution
		SolutionGuid = {EE223386-6159-473A-9655-BE4287B28640}
	EndGlobalSection
EndGlobal
